{
    "_meta": {
        "hash": {
            "sha256": "1eec15921c253be6db9f5456445143b7fb8ff5bad374cf4d400e236107132117"
        },
        "pipfile-spec": 6,
        "requires": {
            "python_version": "3.8"
        },
        "sources": [
            {
                "name": "pypi",
                "url": "https://pypi.org/simple",
                "verify_ssl": true
            }
        ]
    },
    "default": {
        "coloredlogs": {
            "hashes": [
                "sha256:612ee75c546f53e92e70049c9dbfcc18c935a2b9a53b66085ce9ef6a6e5c0934",
                "sha256:7c991aa71a4577af2f82600d8f8f3a89f936baeaf9b50a9c197da014e5bf16b0"
            ],
            "index": "pypi",
            "version": "==15.0.1"
        },
        "fire": {
            "hashes": [
                "sha256:c5e2b8763699d1142393a46d0e3e790c5eb2f0706082df8f647878842c216a62"
            ],
            "index": "pypi",
            "version": "==0.4.0"
        },
        "gitdb": {
            "hashes": [
                "sha256:6c4cc71933456991da20917998acbe6cf4fb41eeaab7d6d67fbc05ecd4c865b0",
                "sha256:96bf5c08b157a666fec41129e6d327235284cca4c81e92109260f353ba138005"
            ],
            "markers": "python_version >= '3.4'",
            "version": "==4.0.7"
        },
        "gitpython": {
            "hashes": [
                "sha256:b838a895977b45ab6f0cc926a9045c8d1c44e2b653c1fcc39fe91f42c6e8f05b",
                "sha256:fce760879cd2aebd2991b3542876dc5c4a909b30c9d69dfc488e504a8db37ee8"
            ],
            "index": "pypi",
            "version": "==3.1.18"
        },
        "humanfriendly": {
            "hashes": [
                "sha256:332da98c24cc150efcc91b5508b19115209272bfdf4b0764a56795932f854271",
                "sha256:f7dba53ac7935fd0b4a2fc9a29e316ddd9ea135fb3052d3d0279d10c18ff9c48"
            ],
            "markers": "python_version >= '2.7' and python_version not in '3.0, 3.1, 3.2, 3.3, 3.4'",
            "version": "==9.2"
        },
        "inquirerpy": {
            "hashes": [
                "sha256:14320eded5989d0658ec79ec581e5ff4ac34f8aa4c2e7af0abe1d15dacdaf4ed",
                "sha256:e2e5b4bbba0efd496980fc5679c2e21a017bf61f27ef1c6d0e404f56b6ae8f7e"
            ],
            "index": "pypi",
            "version": "==0.2.0"
        },
        "logger": {
            "hashes": [
                "sha256:4ecac57133c6376fa215f0fe6b4dc4d60e4d1ad8be005cab4e8a702df682f8b3"
            ],
            "index": "pypi",
            "version": "==1.4"
        },
        "plotly": {
            "hashes": [
                "sha256:71f6744acdc524c22236c226d7cf1072d1a58ebacaf749c640998298472c8c44",
                "sha256:d60412ee21d85102f67e5c7134d59feb5e42a5cbbfb1e580ad67cbdf7589d80c"
            ],
            "index": "pypi",
            "version": "==5.1.0"
        },
        "prompt-toolkit": {
            "hashes": [
                "sha256:08360ee3a3148bdb5163621709ee322ec34fc4375099afa4bbf751e9b7b7fa4f",
                "sha256:7089d8d2938043508aa9420ec18ce0922885304cddae87fb96eebca942299f88"
            ],
            "markers": "python_full_version >= '3.6.1'",
            "version": "==3.0.19"
        },
        "pyyaml": {
            "hashes": [
                "sha256:08682f6b72c722394747bddaf0aa62277e02557c0fd1c42cb853016a38f8dedf",
                "sha256:0f5f5786c0e09baddcd8b4b45f20a7b5d61a7e7e99846e3c799b05c7c53fa696",
                "sha256:129def1b7c1bf22faffd67b8f3724645203b79d8f4cc81f674654d9902cb4393",
                "sha256:294db365efa064d00b8d1ef65d8ea2c3426ac366c0c4368d930bf1c5fb497f77",
                "sha256:3b2b1824fe7112845700f815ff6a489360226a5609b96ec2190a45e62a9fc922",
                "sha256:3bd0e463264cf257d1ffd2e40223b197271046d09dadf73a0fe82b9c1fc385a5",
                "sha256:4465124ef1b18d9ace298060f4eccc64b0850899ac4ac53294547536533800c8",
                "sha256:49d4cdd9065b9b6e206d0595fee27a96b5dd22618e7520c33204a4a3239d5b10",
                "sha256:4e0583d24c881e14342eaf4ec5fbc97f934b999a6828693a99157fde912540cc",
                "sha256:5accb17103e43963b80e6f837831f38d314a0495500067cb25afab2e8d7a4018",
                "sha256:607774cbba28732bfa802b54baa7484215f530991055bb562efbed5b2f20a45e",
                "sha256:6c78645d400265a062508ae399b60b8c167bf003db364ecb26dcab2bda048253",
                "sha256:72a01f726a9c7851ca9bfad6fd09ca4e090a023c00945ea05ba1638c09dc3347",
                "sha256:74c1485f7707cf707a7aef42ef6322b8f97921bd89be2ab6317fd782c2d53183",
                "sha256:895f61ef02e8fed38159bb70f7e100e00f471eae2bc838cd0f4ebb21e28f8541",
                "sha256:8c1be557ee92a20f184922c7b6424e8ab6691788e6d86137c5d93c1a6ec1b8fb",
                "sha256:bb4191dfc9306777bc594117aee052446b3fa88737cd13b7188d0e7aa8162185",
                "sha256:bfb51918d4ff3d77c1c856a9699f8492c612cde32fd3bcd344af9be34999bfdc",
                "sha256:c20cfa2d49991c8b4147af39859b167664f2ad4561704ee74c1de03318e898db",
                "sha256:cb333c16912324fd5f769fff6bc5de372e9e7a202247b48870bc251ed40239aa",
                "sha256:d2d9808ea7b4af864f35ea216be506ecec180628aced0704e34aca0b040ffe46",
                "sha256:d483ad4e639292c90170eb6f7783ad19490e7a8defb3e46f97dfe4bacae89122",
                "sha256:dd5de0646207f053eb0d6c74ae45ba98c3395a571a2891858e87df7c9b9bd51b",
                "sha256:e1d4970ea66be07ae37a3c2e48b5ec63f7ba6804bdddfdbd3cfd954d25a82e63",
                "sha256:e4fac90784481d221a8e4b1162afa7c47ed953be40d31ab4629ae917510051df",
                "sha256:fa5ae20527d8e831e8230cbffd9f8fe952815b2b7dae6ffec25318803a7528fc",
                "sha256:fd7f6999a8070df521b6384004ef42833b9bd62cfee11a09bda1079b4b704247",
                "sha256:fdc842473cd33f45ff6bce46aea678a54e3d21f1b61a7750ce3c498eedfe25d6",
                "sha256:fe69978f3f768926cfa37b867e3843918e012cf83f680806599ddce33c2c68b0"
            ],
            "index": "pypi",
            "version": "==5.4.1"
        },
        "shell-command": {
            "hashes": [
                "sha256:5b145176bd450a416655ac00ad467ddc781cd54e00748008bab83c6d95e5c5dc"
            ],
            "index": "pypi",
            "version": "==0.1"
        },
        "six": {
            "hashes": [
                "sha256:1e61c37477a1626458e36f7b1d82aa5c9b094fa4802892072e49de9c60c4c926",
                "sha256:8abb2f1d86890a2dfb989f9a77cfcfd3e47c2a354b01111771326f8aa26e0254"
            ],
            "markers": "python_version >= '2.7' and python_version not in '3.0, 3.1, 3.2, 3.3'",
            "version": "==1.16.0"
        },
        "smmap": {
            "hashes": [
                "sha256:7e65386bd122d45405ddf795637b7f7d2b532e7e401d46bbe3fb49b9986d5182",
                "sha256:a9a7479e4c572e2e775c404dcd3080c8dc49f39918c2cf74913d30c4c478e3c2"
            ],
            "markers": "python_version >= '3.5'",
            "version": "==4.0.0"
        },
        "tenacity": {
            "hashes": [
                "sha256:43242a20e3e73291a28bcbcacfd6e000b02d3857a9a9fff56b297a27afdc932f",
                "sha256:f78f4ea81b0fabc06728c11dc2a8c01277bfc5181b321a4770471902e3eb844a"
            ],
            "markers": "python_version >= '3.6'",
            "version": "==8.0.1"
        },
        "termcolor": {
            "hashes": [
                "sha256:1d6d69ce66211143803fbc56652b41d73b4a400a2891d7bf7a1cdf4c02de613b"
            ],
            "version": "==1.1.0"
        },
        "wcwidth": {
            "hashes": [
                "sha256:beb4802a9cebb9144e99086eff703a642a13d6a0052920003a230f3294bbe784",
                "sha256:c4d647b99872929fdb7bdcaa4fbe7f01413ed3d98077df798530e5b04f116c83"
            ],
            "version": "==0.2.5"
        },
        "yaspin": {
            "hashes": [
                "sha256:0498039b3e110f53824417a9f59418a20843e8752b8b15c26bb81a659d4aec5c",
                "sha256:9da195db6630b76f0d37612f195dd7c325e280ad398dae4fcf30890a124ceb74"
            ],
            "index": "pypi",
            "version": "==2.0.0"
        }
    },
    "develop": {
        "art": {
            "hashes": [
                "sha256:0d289b585a1d36720318383643bde71dc4e10416759486ec800a472091bef1a7",
                "sha256:c069b08cd11dec860dab1ce2cc2550ffcf1b76968ff322b4303241e030696ba7"
            ],
            "index": "pypi",
            "version": "==5.2"
        },
        "astroid": {
            "hashes": [
                "sha256:87ae7f2398b8a0ae5638ddecf9987f081b756e0e9fc071aeebdca525671fc4dc",
                "sha256:b31c92f545517dcc452f284bc9c044050862fbe6d93d2b3de4a215a6b384bf0d"
            ],
            "markers": "python_version >= '3.6'",
            "version": "==2.5"
        },
        "attrs": {
            "hashes": [
                "sha256:149e90d6d8ac20db7a955ad60cf0e6881a3f20d37096140088356da6c716b0b1",
                "sha256:ef6aaac3ca6cd92904cdd0d83f629a15f18053ec84e6432106f7a4d04ae4f5fb"
            ],
            "markers": "python_version >= '2.7' and python_version not in '3.0, 3.1, 3.2, 3.3, 3.4'",
            "version": "==21.2.0"
        },
        "backports.entry-points-selectable": {
            "hashes": [
                "sha256:988468260ec1c196dab6ae1149260e2f5472c9110334e5d51adcb77867361f6a",
                "sha256:a6d9a871cde5e15b4c4a53e3d43ba890cc6861ec1332c9c2428c92f977192acc"
            ],
            "markers": "python_version >= '2.7'",
            "version": "==1.1.0"
        },
        "cfgv": {
            "hashes": [
                "sha256:9e600479b3b99e8af981ecdfc80a0296104ee610cab48a5ae4ffd0b668650eb1",
                "sha256:b449c9c6118fe8cca7fa5e00b9ec60ba08145d281d52164230a69211c5d597a1"
            ],
            "markers": "python_full_version >= '3.6.1'",
            "version": "==3.3.0"
        },
        "coverage": {
            "hashes": [
                "sha256:004d1880bed2d97151facef49f08e255a20ceb6f9432df75f4eef018fdd5a78c",
                "sha256:01d84219b5cdbfc8122223b39a954820929497a1cb1422824bb86b07b74594b6",
                "sha256:040af6c32813fa3eae5305d53f18875bedd079960822ef8ec067a66dd8afcd45",
                "sha256:06191eb60f8d8a5bc046f3799f8a07a2d7aefb9504b0209aff0b47298333302a",
                "sha256:13034c4409db851670bc9acd836243aeee299949bd5673e11844befcb0149f03",
                "sha256:13c4ee887eca0f4c5a247b75398d4114c37882658300e153113dafb1d76de529",
                "sha256:184a47bbe0aa6400ed2d41d8e9ed868b8205046518c52464fde713ea06e3a74a",
                "sha256:18ba8bbede96a2c3dde7b868de9dcbd55670690af0988713f0603f037848418a",
                "sha256:1aa846f56c3d49205c952d8318e76ccc2ae23303351d9270ab220004c580cfe2",
                "sha256:217658ec7187497e3f3ebd901afdca1af062b42cfe3e0dafea4cced3983739f6",
                "sha256:24d4a7de75446be83244eabbff746d66b9240ae020ced65d060815fac3423759",
                "sha256:2910f4d36a6a9b4214bb7038d537f015346f413a975d57ca6b43bf23d6563b53",
                "sha256:2949cad1c5208b8298d5686d5a85b66aae46d73eec2c3e08c817dd3513e5848a",
                "sha256:2a3859cb82dcbda1cfd3e6f71c27081d18aa251d20a17d87d26d4cd216fb0af4",
                "sha256:2cafbbb3af0733db200c9b5f798d18953b1a304d3f86a938367de1567f4b5bff",
                "sha256:2e0d881ad471768bf6e6c2bf905d183543f10098e3b3640fc029509530091502",
                "sha256:30c77c1dc9f253283e34c27935fded5015f7d1abe83bc7821680ac444eaf7793",
                "sha256:3487286bc29a5aa4b93a072e9592f22254291ce96a9fbc5251f566b6b7343cdb",
                "sha256:372da284cfd642d8e08ef606917846fa2ee350f64994bebfbd3afb0040436905",
                "sha256:41179b8a845742d1eb60449bdb2992196e211341818565abded11cfa90efb821",
                "sha256:44d654437b8ddd9eee7d1eaee28b7219bec228520ff809af170488fd2fed3e2b",
                "sha256:4a7697d8cb0f27399b0e393c0b90f0f1e40c82023ea4d45d22bce7032a5d7b81",
                "sha256:51cb9476a3987c8967ebab3f0fe144819781fca264f57f89760037a2ea191cb0",
                "sha256:52596d3d0e8bdf3af43db3e9ba8dcdaac724ba7b5ca3f6358529d56f7a166f8b",
                "sha256:53194af30d5bad77fcba80e23a1441c71abfb3e01192034f8246e0d8f99528f3",
                "sha256:5fec2d43a2cc6965edc0bb9e83e1e4b557f76f843a77a2496cbe719583ce8184",
                "sha256:6c90e11318f0d3c436a42409f2749ee1a115cd8b067d7f14c148f1ce5574d701",
                "sha256:74d881fc777ebb11c63736622b60cb9e4aee5cace591ce274fb69e582a12a61a",
                "sha256:7501140f755b725495941b43347ba8a2777407fc7f250d4f5a7d2a1050ba8e82",
                "sha256:796c9c3c79747146ebd278dbe1e5c5c05dd6b10cc3bcb8389dfdf844f3ead638",
                "sha256:869a64f53488f40fa5b5b9dcb9e9b2962a66a87dab37790f3fcfb5144b996ef5",
                "sha256:8963a499849a1fc54b35b1c9f162f4108017b2e6db2c46c1bed93a72262ed083",
                "sha256:8d0a0725ad7c1a0bcd8d1b437e191107d457e2ec1084b9f190630a4fb1af78e6",
                "sha256:900fbf7759501bc7807fd6638c947d7a831fc9fdf742dc10f02956ff7220fa90",
                "sha256:92b017ce34b68a7d67bd6d117e6d443a9bf63a2ecf8567bb3d8c6c7bc5014465",
                "sha256:970284a88b99673ccb2e4e334cfb38a10aab7cd44f7457564d11898a74b62d0a",
                "sha256:972c85d205b51e30e59525694670de6a8a89691186012535f9d7dbaa230e42c3",
                "sha256:9a1ef3b66e38ef8618ce5fdc7bea3d9f45f3624e2a66295eea5e57966c85909e",
                "sha256:af0e781009aaf59e25c5a678122391cb0f345ac0ec272c7961dc5455e1c40066",
                "sha256:b6d534e4b2ab35c9f93f46229363e17f63c53ad01330df9f2d6bd1187e5eaacf",
                "sha256:b7895207b4c843c76a25ab8c1e866261bcfe27bfaa20c192de5190121770672b",
                "sha256:c0891a6a97b09c1f3e073a890514d5012eb256845c451bd48f7968ef939bf4ae",
                "sha256:c2723d347ab06e7ddad1a58b2a821218239249a9e4365eaff6649d31180c1669",
                "sha256:d1f8bf7b90ba55699b3a5e44930e93ff0189aa27186e96071fac7dd0d06a1873",
                "sha256:d1f9ce122f83b2305592c11d64f181b87153fc2c2bbd3bb4a3dde8303cfb1a6b",
                "sha256:d314ed732c25d29775e84a960c3c60808b682c08d86602ec2c3008e1202e3bb6",
                "sha256:d636598c8305e1f90b439dbf4f66437de4a5e3c31fdf47ad29542478c8508bbb",
                "sha256:deee1077aae10d8fa88cb02c845cfba9b62c55e1183f52f6ae6a2df6a2187160",
                "sha256:ebe78fe9a0e874362175b02371bdfbee64d8edc42a044253ddf4ee7d3c15212c",
                "sha256:f030f8873312a16414c0d8e1a1ddff2d3235655a2174e3648b4fa66b3f2f1079",
                "sha256:f0b278ce10936db1a37e6954e15a3730bea96a0997c26d7fee88e6c396c2086d",
                "sha256:f11642dddbb0253cc8853254301b51390ba0081750a8ac03f20ea8103f0c56b6"
            ],
            "markers": "python_version >= '2.7' and python_version not in '3.0, 3.1, 3.2, 3.3, 3.4' and python_version < '4.0'",
            "version": "==5.5"
        },
        "distlib": {
            "hashes": [
                "sha256:106fef6dc37dd8c0e2c0a60d3fca3e77460a48907f335fa28420463a6f799736",
                "sha256:23e223426b28491b1ced97dc3bbe183027419dfc7982b4fa2f05d5f3ff10711c"
            ],
            "version": "==0.3.2"
        },
        "filelock": {
            "hashes": [
                "sha256:18d82244ee114f543149c66a6e0c14e9c4f8a1044b5cdaadd0f82159d6a6ff59",
                "sha256:929b7d63ec5b7d6b71b0fa5ac14e030b3f70b75747cef1b10da9b879fef15836"
            ],
            "version": "==3.0.12"
        },
        "flake8": {
            "hashes": [
                "sha256:07528381786f2a6237b061f6e96610a4167b226cb926e2aa2b6b1d78057c576b",
                "sha256:bf8fd333346d844f616e8d47905ef3a3384edae6b4e9beb0c5101e25e3110907"
            ],
            "index": "pypi",
            "version": "==3.9.2"
        },
        "identify": {
            "hashes": [
                "sha256:7199679b5be13a6b40e6e19ea473e789b11b4e3b60986499b1f589ffb03c217c",
                "sha256:7bc6e829392bd017236531963d2d937d66fc27cadc643ac0aba2ce9f26157c79"
            ],
            "markers": "python_full_version >= '3.6.1'",
            "version": "==2.2.13"
        },
        "iniconfig": {
            "hashes": [
                "sha256:011e24c64b7f47f6ebd835bb12a743f2fbe9a26d4cecaa7f53bc4f35ee9da8b3",
                "sha256:bc3af051d7d14b2ee5ef9969666def0cd1a000e121eaea580d4a313df4b37f32"
            ],
            "version": "==1.1.1"
        },
        "isort": {
            "hashes": [
                "sha256:9c2ea1e62d871267b78307fe511c0838ba0da28698c5732d54e2790bf3ba9899",
                "sha256:e17d6e2b81095c9db0a03a8025a957f334d6ea30b26f9ec70805411e5c7c81f2"
            ],
            "index": "pypi",
            "version": "==5.9.3"
        },
        "lazy-object-proxy": {
            "hashes": [
                "sha256:17e0967ba374fc24141738c69736da90e94419338fd4c7c7bef01ee26b339653",
                "sha256:1fee665d2638491f4d6e55bd483e15ef21f6c8c2095f235fef72601021e64f61",
                "sha256:22ddd618cefe54305df49e4c069fa65715be4ad0e78e8d252a33debf00f6ede2",
                "sha256:24a5045889cc2729033b3e604d496c2b6f588c754f7a62027ad4437a7ecc4837",
                "sha256:410283732af311b51b837894fa2f24f2c0039aa7f220135192b38fcc42bd43d3",
                "sha256:4732c765372bd78a2d6b2150a6e99d00a78ec963375f236979c0626b97ed8e43",
                "sha256:489000d368377571c6f982fba6497f2aa13c6d1facc40660963da62f5c379726",
                "sha256:4f60460e9f1eb632584c9685bccea152f4ac2130e299784dbaf9fae9f49891b3",
                "sha256:5743a5ab42ae40caa8421b320ebf3a998f89c85cdc8376d6b2e00bd12bd1b587",
                "sha256:85fb7608121fd5621cc4377a8961d0b32ccf84a7285b4f1d21988b2eae2868e8",
                "sha256:9698110e36e2df951c7c36b6729e96429c9c32b3331989ef19976592c5f3c77a",
                "sha256:9d397bf41caad3f489e10774667310d73cb9c4258e9aed94b9ec734b34b495fd",
                "sha256:b579f8acbf2bdd9ea200b1d5dea36abd93cabf56cf626ab9c744a432e15c815f",
                "sha256:b865b01a2e7f96db0c5d12cfea590f98d8c5ba64ad222300d93ce6ff9138bcad",
                "sha256:bf34e368e8dd976423396555078def5cfc3039ebc6fc06d1ae2c5a65eebbcde4",
                "sha256:c6938967f8528b3668622a9ed3b31d145fab161a32f5891ea7b84f6b790be05b",
                "sha256:d1c2676e3d840852a2de7c7d5d76407c772927addff8d742b9808fe0afccebdf",
                "sha256:d7124f52f3bd259f510651450e18e0fd081ed82f3c08541dffc7b94b883aa981",
                "sha256:d900d949b707778696fdf01036f58c9876a0d8bfe116e8d220cfd4b15f14e741",
                "sha256:ebfd274dcd5133e0afae738e6d9da4323c3eb021b3e13052d8cbd0e457b1256e",
                "sha256:ed361bb83436f117f9917d282a456f9e5009ea12fd6de8742d1a4752c3017e93",
                "sha256:f5144c75445ae3ca2057faac03fda5a902eff196702b0a24daf1d6ce0650514b"
            ],
            "markers": "python_version >= '2.7' and python_version not in '3.0, 3.1, 3.2, 3.3, 3.4, 3.5'",
            "version": "==1.6.0"
        },
        "mccabe": {
            "hashes": [
                "sha256:ab8a6258860da4b6677da4bd2fe5dc2c659cff31b3ee4f7f5d64e79735b80d42",
                "sha256:dd8d182285a0fe56bace7f45b5e7d1a6ebcbf524e8f3bd87eb0f125271b8831f"
            ],
            "version": "==0.6.1"
        },
        "nodeenv": {
            "hashes": [
                "sha256:3ef13ff90291ba2a4a7a4ff9a979b63ffdd00a464dbe04acf0ea6471517a4c2b",
                "sha256:621e6b7076565ddcacd2db0294c0381e01fd28945ab36bcf00f41c5daf63bef7"
            ],
            "version": "==1.6.0"
        },
        "packaging": {
            "hashes": [
                "sha256:7dc96269f53a4ccec5c0670940a4281106dd0bb343f47b7471f779df49c2fbe7",
                "sha256:c86254f9220d55e31cc94d69bade760f0847da8000def4dfe1c6b872fd14ff14"
            ],
            "markers": "python_version >= '3.6'",
            "version": "==21.0"
        },
        "platformdirs": {
            "hashes": [
                "sha256:4666d822218db6a262bdfdc9c39d21f23b4cfdb08af331a81e92751daf6c866c",
                "sha256:632daad3ab546bd8e6af0537d09805cec458dce201bccfe23012df73332e181e"
            ],
            "markers": "python_version >= '3.6'",
            "version": "==2.2.0"
        },
        "pluggy": {
            "hashes": [
                "sha256:15b2acde666561e1298d71b523007ed7364de07029219b604cf808bfa1c765b0",
                "sha256:966c145cd83c96502c3c3868f50408687b38434af77734af1e9ca461a4081d2d"
            ],
            "markers": "python_version >= '2.7' and python_version not in '3.0, 3.1, 3.2, 3.3'",
            "version": "==0.13.1"
        },
        "pre-commit": {
            "hashes": [
                "sha256:391ed331fdd0a21d0be48c1b9919921e9d372dfd60f6dc77b8f01dd6b13161c1",
                "sha256:f413348d3a8464b77987e36ef6e02c3372dadb823edf0dfe6fb0c3dc2f378ef9"
            ],
            "index": "pypi",
            "version": "==2.10.0"
        },
        "py": {
            "hashes": [
                "sha256:21b81bda15b66ef5e1a777a21c4dcd9c20ad3efd0b3f817e7a809035269e1bd3",
                "sha256:3b80836aa6d1feeaa108e046da6423ab8f6ceda6468545ae8d02d9d58d18818a"
            ],
            "markers": "python_version >= '2.7' and python_version not in '3.0, 3.1, 3.2, 3.3'",
            "version": "==1.10.0"
        },
        "pycodestyle": {
            "hashes": [
                "sha256:514f76d918fcc0b55c6680472f0a37970994e07bbb80725808c17089be302068",
                "sha256:c389c1d06bf7904078ca03399a4816f974a1d590090fecea0c63ec26ebaf1cef"
            ],
            "markers": "python_version >= '2.7' and python_version not in '3.0, 3.1, 3.2, 3.3'",
            "version": "==2.7.0"
        },
        "pyflakes": {
            "hashes": [
                "sha256:7893783d01b8a89811dd72d7dfd4d84ff098e5eed95cfa8905b22bbffe52efc3",
                "sha256:f5bc8ecabc05bb9d291eb5203d6810b49040f6ff446a756326104746cc00c1db"
            ],
            "markers": "python_version >= '2.7' and python_version not in '3.0, 3.1, 3.2, 3.3'",
            "version": "==2.3.1"
        },
        "pylint": {
            "hashes": [
                "sha256:bb4a908c9dadbc3aac18860550e870f58e1a02c9f2c204fdf5693d73be061210",
                "sha256:bfe68f020f8a0fece830a22dd4d5dddb4ecc6137db04face4c3420a46a52239f"
            ],
            "index": "pypi",
            "version": "==2.6.0"
        },
        "pyparsing": {
            "hashes": [
                "sha256:c203ec8783bf771a155b207279b9bccb8dea02d8f0c9e5f8ead507bc3246ecc1",
                "sha256:ef9d7589ef3c200abe66653d3f1ab1033c3c419ae9b9bdb1240a85b024efc88b"
            ],
            "markers": "python_version >= '2.6' and python_version not in '3.0, 3.1, 3.2, 3.3'",
            "version": "==2.4.7"
        },
        "pytest": {
            "hashes": [
                "sha256:50bcad0a0b9c5a72c8e4e7c9855a3ad496ca6a881a3641b4260605450772c54b",
                "sha256:91ef2131a9bd6be8f76f1f08eac5c5317221d6ad1e143ae03894b862e8976890"
            ],
            "index": "pypi",
            "version": "==6.2.4"
        },
        "pytest-cov": {
            "hashes": [
                "sha256:261bb9e47e65bd099c89c3edf92972865210c36813f80ede5277dceb77a4a62a",
                "sha256:261ceeb8c227b726249b376b8526b600f38667ee314f910353fa318caa01f4d7"
            ],
            "index": "pypi",
            "version": "==2.12.1"
        },
        "pytest-mock": {
            "hashes": [
                "sha256:30c2f2cc9759e76eee674b81ea28c9f0b94f8f0445a1b87762cadf774f0df7e3",
                "sha256:40217a058c52a63f1042f0784f62009e976ba824c418cced42e88d5f40ab0e62"
            ],
            "index": "pypi",
            "version": "==3.6.1"
        },
        "pyyaml": {
            "hashes": [
                "sha256:08682f6b72c722394747bddaf0aa62277e02557c0fd1c42cb853016a38f8dedf",
                "sha256:0f5f5786c0e09baddcd8b4b45f20a7b5d61a7e7e99846e3c799b05c7c53fa696",
                "sha256:129def1b7c1bf22faffd67b8f3724645203b79d8f4cc81f674654d9902cb4393",
                "sha256:294db365efa064d00b8d1ef65d8ea2c3426ac366c0c4368d930bf1c5fb497f77",
                "sha256:3b2b1824fe7112845700f815ff6a489360226a5609b96ec2190a45e62a9fc922",
                "sha256:3bd0e463264cf257d1ffd2e40223b197271046d09dadf73a0fe82b9c1fc385a5",
                "sha256:4465124ef1b18d9ace298060f4eccc64b0850899ac4ac53294547536533800c8",
                "sha256:49d4cdd9065b9b6e206d0595fee27a96b5dd22618e7520c33204a4a3239d5b10",
                "sha256:4e0583d24c881e14342eaf4ec5fbc97f934b999a6828693a99157fde912540cc",
                "sha256:5accb17103e43963b80e6f837831f38d314a0495500067cb25afab2e8d7a4018",
                "sha256:607774cbba28732bfa802b54baa7484215f530991055bb562efbed5b2f20a45e",
                "sha256:6c78645d400265a062508ae399b60b8c167bf003db364ecb26dcab2bda048253",
                "sha256:72a01f726a9c7851ca9bfad6fd09ca4e090a023c00945ea05ba1638c09dc3347",
                "sha256:74c1485f7707cf707a7aef42ef6322b8f97921bd89be2ab6317fd782c2d53183",
                "sha256:895f61ef02e8fed38159bb70f7e100e00f471eae2bc838cd0f4ebb21e28f8541",
                "sha256:8c1be557ee92a20f184922c7b6424e8ab6691788e6d86137c5d93c1a6ec1b8fb",
                "sha256:bb4191dfc9306777bc594117aee052446b3fa88737cd13b7188d0e7aa8162185",
                "sha256:bfb51918d4ff3d77c1c856a9699f8492c612cde32fd3bcd344af9be34999bfdc",
                "sha256:c20cfa2d49991c8b4147af39859b167664f2ad4561704ee74c1de03318e898db",
                "sha256:cb333c16912324fd5f769fff6bc5de372e9e7a202247b48870bc251ed40239aa",
                "sha256:d2d9808ea7b4af864f35ea216be506ecec180628aced0704e34aca0b040ffe46",
                "sha256:d483ad4e639292c90170eb6f7783ad19490e7a8defb3e46f97dfe4bacae89122",
                "sha256:dd5de0646207f053eb0d6c74ae45ba98c3395a571a2891858e87df7c9b9bd51b",
                "sha256:e1d4970ea66be07ae37a3c2e48b5ec63f7ba6804bdddfdbd3cfd954d25a82e63",
                "sha256:e4fac90784481d221a8e4b1162afa7c47ed953be40d31ab4629ae917510051df",
                "sha256:fa5ae20527d8e831e8230cbffd9f8fe952815b2b7dae6ffec25318803a7528fc",
                "sha256:fd7f6999a8070df521b6384004ef42833b9bd62cfee11a09bda1079b4b704247",
                "sha256:fdc842473cd33f45ff6bce46aea678a54e3d21f1b61a7750ce3c498eedfe25d6",
                "sha256:fe69978f3f768926cfa37b867e3843918e012cf83f680806599ddce33c2c68b0"
            ],
            "index": "pypi",
            "version": "==5.4.1"
        },
        "six": {
            "hashes": [
                "sha256:1e61c37477a1626458e36f7b1d82aa5c9b094fa4802892072e49de9c60c4c926",
                "sha256:8abb2f1d86890a2dfb989f9a77cfcfd3e47c2a354b01111771326f8aa26e0254"
            ],
            "markers": "python_version >= '2.7' and python_version not in '3.0, 3.1, 3.2, 3.3'",
            "version": "==1.16.0"
        },
        "toml": {
            "hashes": [
                "sha256:806143ae5bfb6a3c6e736a764057db0e6a0e05e338b5630894a5f779cabb4f9b",
                "sha256:b3bda1d108d5dd99f4a20d24d9c348e91c4db7ab1b749200bded2f839ccbe68f"
            ],
            "markers": "python_version >= '2.6' and python_version not in '3.0, 3.1, 3.2, 3.3'",
            "version": "==0.10.2"
        },
        "virtualenv": {
            "hashes": [
                "sha256:9ef4e8ee4710826e98ff3075c9a4739e2cb1040de6a2a8d35db0055840dc96a0",
                "sha256:e4670891b3a03eb071748c569a87cceaefbf643c5bac46d996c5a45c34aa0f06"
            ],
            "markers": "python_version >= '2.7' and python_version not in '3.0, 3.1, 3.2, 3.3, 3.4'",
            "version": "==20.7.2"
        },
        "wrapt": {
            "hashes": [
                "sha256:b62ffa81fb85f4332a4f609cab4ac40709470da05643a082ec1eb88e6d9b97d7"
            ],
            "version": "==1.12.1"
        }
    }
}
